# This file is automatically @generated by Poetry 1.8.4 and should not be changed by hand.

[[package]]
name = "app"
version = " 1.0.0"
description = "A subproject for the app"
optional = false
python-versions = "^3.12"
files = []
develop = true

[package.source]
type = "directory"
url = "app"

[[package]]
name = "lib"
version = " 1.0.0"
description = "A subproject for the lib"
optional = false
python-versions = "^3.12"
files = []
develop = true

[package.source]
type = "directory"
url = "lib"

[metadata]
lock-version = "2.0"
python-versions = "^3.12"
content-hash = "0cf3e6702817c50a3d9ea022bbbc8cfca1952fc6e583560cec9672cabaef9da1"
